// !$*UTF8*$!
{
	archiveVersion = 1;
	classes = {
	};
	objectVersion = 56;
	objects = {

/* Begin PBXBuildFile section */
		AC4224FA2D46B81F004DDD08 /* CircleButtonAnimationView.swift in Sources */ = {isa = PBXBuildFile; fileRef = AC4224F92D46B81F004DDD08 /* CircleButtonAnimationView.swift */; };
		AC75133D2D508AD100FEF317 /* HomeViewModel.swift in Sources */ = {isa = PBXBuildFile; fileRef = AC75133C2D508AD100FEF317 /* HomeViewModel.swift */; };
		AC8D827B2D4CA82800FD77F9 /* CoinRowView.swift in Sources */ = {isa = PBXBuildFile; fileRef = AC8D827A2D4CA82800FD77F9 /* CoinRowView.swift */; };
		AC8D827D2D4CA91F00FD77F9 /* PreviewProvider.swift in Sources */ = {isa = PBXBuildFile; fileRef = AC8D827C2D4CA91F00FD77F9 /* PreviewProvider.swift */; };
		AC8D827F2D4CB1B900FD77F9 /* Double.swift in Sources */ = {isa = PBXBuildFile; fileRef = AC8D827E2D4CB1B900FD77F9 /* Double.swift */; };
		ACA83FBA2D421FE300758BF1 /* InvestCryptoApp.swift in Sources */ = {isa = PBXBuildFile; fileRef = ACA83FB92D421FE300758BF1 /* InvestCryptoApp.swift */; };
		ACA83FBC2D421FE300758BF1 /* ContentView.swift in Sources */ = {isa = PBXBuildFile; fileRef = ACA83FBB2D421FE300758BF1 /* ContentView.swift */; };
		ACA83FC12D421FE500758BF1 /* Preview Assets.xcassets in Resources */ = {isa = PBXBuildFile; fileRef = ACA83FC02D421FE500758BF1 /* Preview Assets.xcassets */; };
		ACA83FE42D4365CF00758BF1 /* Color.swift in Sources */ = {isa = PBXBuildFile; fileRef = ACA83FE32D4365CF00758BF1 /* Color.swift */; };
		ACB26E492D44AABE009F34A5 /* Assets.xcassets in Resources */ = {isa = PBXBuildFile; fileRef = ACB26E482D44AABE009F34A5 /* Assets.xcassets */; };
		ACB26E4F2D44AC65009F34A5 /* HomeView.swift in Sources */ = {isa = PBXBuildFile; fileRef = ACB26E4E2D44AC65009F34A5 /* HomeView.swift */; };
		ACB26E532D44AE3A009F34A5 /* CircleButtonView.swift in Sources */ = {isa = PBXBuildFile; fileRef = ACB26E522D44AE3A009F34A5 /* CircleButtonView.swift */; };
		ACD563712D489EBB00F51A4C /* CoinModel.swift in Sources */ = {isa = PBXBuildFile; fileRef = ACD563702D489EBB00F51A4C /* CoinModel.swift */; };
/* End PBXBuildFile section */

/* Begin PBXFileReference section */
		AC4224F92D46B81F004DDD08 /* CircleButtonAnimationView.swift */ = {isa = PBXFileReference; lastKnownFileType = sourcecode.swift; path = CircleButtonAnimationView.swift; sourceTree = "<group>"; };
		AC75133C2D508AD100FEF317 /* HomeViewModel.swift */ = {isa = PBXFileReference; lastKnownFileType = sourcecode.swift; path = HomeViewModel.swift; sourceTree = "<group>"; };
		AC8D827A2D4CA82800FD77F9 /* CoinRowView.swift */ = {isa = PBXFileReference; lastKnownFileType = sourcecode.swift; path = CoinRowView.swift; sourceTree = "<group>"; };
		AC8D827C2D4CA91F00FD77F9 /* PreviewProvider.swift */ = {isa = PBXFileReference; lastKnownFileType = sourcecode.swift; path = PreviewProvider.swift; sourceTree = "<group>"; };
		AC8D827E2D4CB1B900FD77F9 /* Double.swift */ = {isa = PBXFileReference; lastKnownFileType = sourcecode.swift; path = Double.swift; sourceTree = "<group>"; };
		ACA83FB62D421FE300758BF1 /* InvestCrypto.app */ = {isa = PBXFileReference; explicitFileType = wrapper.application; includeInIndex = 0; path = InvestCrypto.app; sourceTree = BUILT_PRODUCTS_DIR; };
		ACA83FB92D421FE300758BF1 /* InvestCryptoApp.swift */ = {isa = PBXFileReference; lastKnownFileType = sourcecode.swift; path = InvestCryptoApp.swift; sourceTree = "<group>"; };
		ACA83FBB2D421FE300758BF1 /* ContentView.swift */ = {isa = PBXFileReference; lastKnownFileType = sourcecode.swift; path = ContentView.swift; sourceTree = "<group>"; };
		ACA83FC02D421FE500758BF1 /* Preview Assets.xcassets */ = {isa = PBXFileReference; lastKnownFileType = folder.assetcatalog; path = "Preview Assets.xcassets"; sourceTree = "<group>"; };
		ACA83FE32D4365CF00758BF1 /* Color.swift */ = {isa = PBXFileReference; lastKnownFileType = sourcecode.swift; path = Color.swift; sourceTree = "<group>"; };
		ACB26E482D44AABE009F34A5 /* Assets.xcassets */ = {isa = PBXFileReference; lastKnownFileType = folder.assetcatalog; path = Assets.xcassets; sourceTree = "<group>"; };
		ACB26E4E2D44AC65009F34A5 /* HomeView.swift */ = {isa = PBXFileReference; lastKnownFileType = sourcecode.swift; path = HomeView.swift; sourceTree = "<group>"; };
		ACB26E522D44AE3A009F34A5 /* CircleButtonView.swift */ = {isa = PBXFileReference; lastKnownFileType = sourcecode.swift; path = CircleButtonView.swift; sourceTree = "<group>"; };
		ACD563702D489EBB00F51A4C /* CoinModel.swift */ = {isa = PBXFileReference; lastKnownFileType = sourcecode.swift; path = CoinModel.swift; sourceTree = "<group>"; };
/* End PBXFileReference section */

/* Begin PBXFrameworksBuildPhase section */
		ACA83FB32D421FE300758BF1 /* Frameworks */ = {
			isa = PBXFrameworksBuildPhase;
			buildActionMask = 2147483647;
			files = (
			);
			runOnlyForDeploymentPostprocessing = 0;
		};
/* End PBXFrameworksBuildPhase section */

/* Begin PBXGroup section */
		ACA83FAD2D421FE300758BF1 = {
			isa = PBXGroup;
			children = (
				ACA83FB82D421FE300758BF1 /* InvestCrypto */,
				ACA83FB72D421FE300758BF1 /* Products */,
			);
			sourceTree = "<group>";
		};
		ACA83FB72D421FE300758BF1 /* Products */ = {
			isa = PBXGroup;
			children = (
				ACA83FB62D421FE300758BF1 /* InvestCrypto.app */,
			);
			name = Products;
			sourceTree = "<group>";
		};
		ACA83FB82D421FE300758BF1 /* InvestCrypto */ = {
			isa = PBXGroup;
			children = (
				ACA83FE22D43657800758BF1 /* Extensons */,
				ACD5636F2D489E7F00F51A4C /* Models */,
				ACB26E4A2D44ABF0009F34A5 /* Core */,
				ACA83FB92D421FE300758BF1 /* InvestCryptoApp.swift */,
				ACA83FBB2D421FE300758BF1 /* ContentView.swift */,
				ACB26E482D44AABE009F34A5 /* Assets.xcassets */,
				ACA83FBF2D421FE500758BF1 /* Preview Content */,
			);
			path = InvestCrypto;
			sourceTree = "<group>";
		};
		ACA83FBF2D421FE500758BF1 /* Preview Content */ = {
			isa = PBXGroup;
			children = (
				ACA83FC02D421FE500758BF1 /* Preview Assets.xcassets */,
			);
			path = "Preview Content";
			sourceTree = "<group>";
		};
		ACA83FE22D43657800758BF1 /* Extensons */ = {
			isa = PBXGroup;
			children = (
				ACA83FE32D4365CF00758BF1 /* Color.swift */,
				AC8D827C2D4CA91F00FD77F9 /* PreviewProvider.swift */,
				AC8D827E2D4CB1B900FD77F9 /* Double.swift */,
			);
			path = Extensons;
			sourceTree = "<group>";
		};
		ACB26E4A2D44ABF0009F34A5 /* Core */ = {
			isa = PBXGroup;
			children = (
				ACB26E502D44ADF3009F34A5 /* Components */,
				ACB26E4B2D44AC0F009F34A5 /* Home */,
			);
			path = Core;
			sourceTree = "<group>";
		};
		ACB26E4B2D44AC0F009F34A5 /* Home */ = {
			isa = PBXGroup;
			children = (
				ACB26E4D2D44AC33009F34A5 /* ViewModels */,
				ACB26E4C2D44AC26009F34A5 /* Views */,
			);
			path = Home;
			sourceTree = "<group>";
		};
		ACB26E4C2D44AC26009F34A5 /* Views */ = {
			isa = PBXGroup;
			children = (
				ACB26E4E2D44AC65009F34A5 /* HomeView.swift */,
				AC8D827A2D4CA82800FD77F9 /* CoinRowView.swift */,
			);
			path = Views;
			sourceTree = "<group>";
		};
		ACB26E4D2D44AC33009F34A5 /* ViewModels */ = {
			isa = PBXGroup;
			children = (
				AC75133C2D508AD100FEF317 /* HomeViewModel.swift */,
			);
			path = ViewModels;
			sourceTree = "<group>";
		};
		ACB26E502D44ADF3009F34A5 /* Components */ = {
			isa = PBXGroup;
			children = (
				ACB26E512D44AE18009F34A5 /* CircleButton */,
			);
			path = Components;
			sourceTree = "<group>";
		};
		ACB26E512D44AE18009F34A5 /* CircleButton */ = {
			isa = PBXGroup;
			children = (
				ACB26E522D44AE3A009F34A5 /* CircleButtonView.swift */,
				AC4224F92D46B81F004DDD08 /* CircleButtonAnimationView.swift */,
			);
			path = CircleButton;
			sourceTree = "<group>";
		};
		ACD5636F2D489E7F00F51A4C /* Models */ = {
			isa = PBXGroup;
			children = (
				ACD563702D489EBB00F51A4C /* CoinModel.swift */,
			);
			path = Models;
			sourceTree = "<group>";
		};
/* End PBXGroup section */

/* Begin PBXNativeTarget section */
		ACA83FB52D421FE300758BF1 /* InvestCrypto */ = {
			isa = PBXNativeTarget;
			buildConfigurationList = ACA83FC42D421FE500758BF1 /* Build configuration list for PBXNativeTarget "InvestCrypto" */;
			buildPhases = (
				ACA83FB22D421FE300758BF1 /* Sources */,
				ACA83FB32D421FE300758BF1 /* Frameworks */,
				ACA83FB42D421FE300758BF1 /* Resources */,
			);
			buildRules = (
			);
			dependencies = (
			);
			name = InvestCrypto;
			productName = InvestCrypto;
			productReference = ACA83FB62D421FE300758BF1 /* InvestCrypto.app */;
			productType = "com.apple.product-type.application";
		};
/* End PBXNativeTarget section */

/* Begin PBXProject section */
		ACA83FAE2D421FE300758BF1 /* Project object */ = {
			isa = PBXProject;
			attributes = {
				BuildIndependentTargetsInParallel = 1;
				LastSwiftUpdateCheck = 1500;
				LastUpgradeCheck = 1500;
				TargetAttributes = {
					ACA83FB52D421FE300758BF1 = {
						CreatedOnToolsVersion = 15.0.1;
					};
				};
			};
			buildConfigurationList = ACA83FB12D421FE300758BF1 /* Build configuration list for PBXProject "InvestCrypto" */;
			compatibilityVersion = "Xcode 14.0";
			developmentRegion = en;
			hasScannedForEncodings = 0;
			knownRegions = (
				en,
				Base,
			);
			mainGroup = ACA83FAD2D421FE300758BF1;
			productRefGroup = ACA83FB72D421FE300758BF1 /* Products */;
			projectDirPath = "";
			projectRoot = "";
			targets = (
				ACA83FB52D421FE300758BF1 /* InvestCrypto */,
			);
		};
/* End PBXProject section */

/* Begin PBXResourcesBuildPhase section */
		ACA83FB42D421FE300758BF1 /* Resources */ = {
			isa = PBXResourcesBuildPhase;
			buildActionMask = 2147483647;
			files = (
				ACB26E492D44AABE009F34A5 /* Assets.xcassets in Resources */,
				ACA83FC12D421FE500758BF1 /* Preview Assets.xcassets in Resources */,
			);
			runOnlyForDeploymentPostprocessing = 0;
		};
/* End PBXResourcesBuildPhase section */

/* Begin PBXSourcesBuildPhase section */
		ACA83FB22D421FE300758BF1 /* Sources */ = {
			isa = PBXSourcesBuildPhase;
			buildActionMask = 2147483647;
			files = (
				AC8D827B2D4CA82800FD77F9 /* CoinRowView.swift in Sources */,
				AC75133D2D508AD100FEF317 /* HomeViewModel.swift in Sources */,
				ACA83FBC2D421FE300758BF1 /* ContentView.swift in Sources */,
				ACB26E4F2D44AC65009F34A5 /* HomeView.swift in Sources */,
				ACA83FBA2D421FE300758BF1 /* InvestCryptoApp.swift in Sources */,
				ACB26E532D44AE3A009F34A5 /* CircleButtonView.swift in Sources */,
				ACA83FE42D4365CF00758BF1 /* Color.swift in Sources */,
				AC4224FA2D46B81F004DDD08 /* CircleButtonAnimationView.swift in Sources */,
				AC8D827D2D4CA91F00FD77F9 /* PreviewProvider.swift in Sources */,
				AC8D827F2D4CB1B900FD77F9 /* Double.swift in Sources */,
				ACD563712D489EBB00F51A4C /* CoinModel.swift in Sources */,
			);
			runOnlyForDeploymentPostprocessing = 0;
		};
/* End PBXSourcesBuildPhase section */

/* Begin XCBuildConfiguration section */
		ACA83FC22D421FE500758BF1 /* Debug */ = {
			isa = XCBuildConfiguration;
			buildSettings = {
				ALWAYS_SEARCH_USER_PATHS = NO;
				ASSETCATALOG_COMPILER_GENERATE_SWIFT_ASSET_SYMBOL_EXTENSIONS = YES;
				CLANG_ANALYZER_NONNULL = YES;
				CLANG_ANALYZER_NUMBER_OBJECT_CONVERSION = YES_AGGRESSIVE;
				CLANG_CXX_LANGUAGE_STANDARD = "gnu++20";
				CLANG_ENABLE_MODULES = YES;
				CLANG_ENABLE_OBJC_ARC = YES;
				CLANG_ENABLE_OBJC_WEAK = YES;
				CLANG_WARN_BLOCK_CAPTURE_AUTORELEASING = YES;
				CLANG_WARN_BOOL_CONVERSION = YES;
				CLANG_WARN_COMMA = YES;
				CLANG_WARN_CONSTANT_CONVERSION = YES;
				CLANG_WARN_DEPRECATED_OBJC_IMPLEMENTATIONS = YES;
				CLANG_WARN_DIRECT_OBJC_ISA_USAGE = YES_ERROR;
				CLANG_WARN_DOCUMENTATION_COMMENTS = YES;
				CLANG_WARN_EMPTY_BODY = YES;
				CLANG_WARN_ENUM_CONVERSION = YES;
				CLANG_WARN_INFINITE_RECURSION = YES;
				CLANG_WARN_INT_CONVERSION = YES;
				CLANG_WARN_NON_LITERAL_NULL_CONVERSION = YES;
				CLANG_WARN_OBJC_IMPLICIT_RETAIN_SELF = YES;
				CLANG_WARN_OBJC_LITERAL_CONVERSION = YES;
				CLANG_WARN_OBJC_ROOT_CLASS = YES_ERROR;
				CLANG_WARN_QUOTED_INCLUDE_IN_FRAMEWORK_HEADER = YES;
				CLANG_WARN_RANGE_LOOP_ANALYSIS = YES;
				CLANG_WARN_STRICT_PROTOTYPES = YES;
				CLANG_WARN_SUSPICIOUS_MOVE = YES;
				CLANG_WARN_UNGUARDED_AVAILABILITY = YES_AGGRESSIVE;
				CLANG_WARN_UNREACHABLE_CODE = YES;
				CLANG_WARN__DUPLICATE_METHOD_MATCH = YES;
				COPY_PHASE_STRIP = NO;
				DEBUG_INFORMATION_FORMAT = dwarf;
				ENABLE_STRICT_OBJC_MSGSEND = YES;
				ENABLE_TESTABILITY = YES;
				ENABLE_USER_SCRIPT_SANDBOXING = YES;
				GCC_C_LANGUAGE_STANDARD = gnu17;
				GCC_DYNAMIC_NO_PIC = NO;
				GCC_NO_COMMON_BLOCKS = YES;
				GCC_OPTIMIZATION_LEVEL = 0;
				GCC_PREPROCESSOR_DEFINITIONS = (
					"DEBUG=1",
					"$(inherited)",
				);
				GCC_WARN_64_TO_32_BIT_CONVERSION = YES;
				GCC_WARN_ABOUT_RETURN_TYPE = YES_ERROR;
				GCC_WARN_UNDECLARED_SELECTOR = YES;
				GCC_WARN_UNINITIALIZED_AUTOS = YES_AGGRESSIVE;
				GCC_WARN_UNUSED_FUNCTION = YES;
				GCC_WARN_UNUSED_VARIABLE = YES;
				IPHONEOS_DEPLOYMENT_TARGET = 17.0;
				LOCALIZATION_PREFERS_STRING_CATALOGS = YES;
				MTL_ENABLE_DEBUG_INFO = INCLUDE_SOURCE;
				MTL_FAST_MATH = YES;
				ONLY_ACTIVE_ARCH = YES;
				SDKROOT = iphoneos;
				SWIFT_ACTIVE_COMPILATION_CONDITIONS = "DEBUG $(inherited)";
				SWIFT_OPTIMIZATION_LEVEL = "-Onone";
			};
			name = Debug;
		};
		ACA83FC32D421FE500758BF1 /* Release */ = {
			isa = XCBuildConfiguration;
			buildSettings = {
				ALWAYS_SEARCH_USER_PATHS = NO;
				ASSETCATALOG_COMPILER_GENERATE_SWIFT_ASSET_SYMBOL_EXTENSIONS = YES;
				CLANG_ANALYZER_NONNULL = YES;
				CLANG_ANALYZER_NUMBER_OBJECT_CONVERSION = YES_AGGRESSIVE;
				CLANG_CXX_LANGUAGE_STANDARD = "gnu++20";
				CLANG_ENABLE_MODULES = YES;
				CLANG_ENABLE_OBJC_ARC = YES;
				CLANG_ENABLE_OBJC_WEAK = YES;
				CLANG_WARN_BLOCK_CAPTURE_AUTORELEASING = YES;
				CLANG_WARN_BOOL_CONVERSION = YES;
				CLANG_WARN_COMMA = YES;
				CLANG_WARN_CONSTANT_CONVERSION = YES;
				CLANG_WARN_DEPRECATED_OBJC_IMPLEMENTATIONS = YES;
				CLANG_WARN_DIRECT_OBJC_ISA_USAGE = YES_ERROR;
				CLANG_WARN_DOCUMENTATION_COMMENTS = YES;
				CLANG_WARN_EMPTY_BODY = YES;
				CLANG_WARN_ENUM_CONVERSION = YES;
				CLANG_WARN_INFINITE_RECURSION = YES;
				CLANG_WARN_INT_CONVERSION = YES;
				CLANG_WARN_NON_LITERAL_NULL_CONVERSION = YES;
				CLANG_WARN_OBJC_IMPLICIT_RETAIN_SELF = YES;
				CLANG_WARN_OBJC_LITERAL_CONVERSION = YES;
				CLANG_WARN_OBJC_ROOT_CLASS = YES_ERROR;
				CLANG_WARN_QUOTED_INCLUDE_IN_FRAMEWORK_HEADER = YES;
				CLANG_WARN_RANGE_LOOP_ANALYSIS = YES;
				CLANG_WARN_STRICT_PROTOTYPES = YES;
				CLANG_WARN_SUSPICIOUS_MOVE = YES;
				CLANG_WARN_UNGUARDED_AVAILABILITY = YES_AGGRESSIVE;
				CLANG_WARN_UNREACHABLE_CODE = YES;
				CLANG_WARN__DUPLICATE_METHOD_MATCH = YES;
				COPY_PHASE_STRIP = NO;
				DEBUG_INFORMATION_FORMAT = "dwarf-with-dsym";
				ENABLE_NS_ASSERTIONS = NO;
				ENABLE_STRICT_OBJC_MSGSEND = YES;
				ENABLE_USER_SCRIPT_SANDBOXING = YES;
				GCC_C_LANGUAGE_STANDARD = gnu17;
				GCC_NO_COMMON_BLOCKS = YES;
				GCC_WARN_64_TO_32_BIT_CONVERSION = YES;
				GCC_WARN_ABOUT_RETURN_TYPE = YES_ERROR;
				GCC_WARN_UNDECLARED_SELECTOR = YES;
				GCC_WARN_UNINITIALIZED_AUTOS = YES_AGGRESSIVE;
				GCC_WARN_UNUSED_FUNCTION = YES;
				GCC_WARN_UNUSED_VARIABLE = YES;
				IPHONEOS_DEPLOYMENT_TARGET = 17.0;
				LOCALIZATION_PREFERS_STRING_CATALOGS = YES;
				MTL_ENABLE_DEBUG_INFO = NO;
				MTL_FAST_MATH = YES;
				SDKROOT = iphoneos;
				SWIFT_COMPILATION_MODE = wholemodule;
				VALIDATE_PRODUCT = YES;
			};
			name = Release;
		};
		ACA83FC52D421FE500758BF1 /* Debug */ = {
			isa = XCBuildConfiguration;
			buildSettings = {
				ASSETCATALOG_COMPILER_APPICON_NAME = AppIcon;
				ASSETCATALOG_COMPILER_GLOBAL_ACCENT_COLOR_NAME = AccentColor;
				CODE_SIGN_STYLE = Automatic;
				CURRENT_PROJECT_VERSION = 1;
				DEVELOPMENT_ASSET_PATHS = "\"InvestCrypto/Preview Content\"";
				DEVELOPMENT_TEAM = MSVFBRY49T;
				ENABLE_PREVIEWS = YES;
				GENERATE_INFOPLIST_FILE = YES;
				INFOPLIST_KEY_CFBundleDisplayName = "Crypto Tracker";
				INFOPLIST_KEY_UIApplicationSceneManifest_Generation = YES;
				INFOPLIST_KEY_UIApplicationSupportsIndirectInputEvents = YES;
				INFOPLIST_KEY_UILaunchScreen_Generation = YES;
				INFOPLIST_KEY_UISupportedInterfaceOrientations = UIInterfaceOrientationPortrait;
				LD_RUNPATH_SEARCH_PATHS = (
					"$(inherited)",
					"@executable_path/Frameworks",
				);
				MARKETING_VERSION = 1.0;
				PRODUCT_BUNDLE_IDENTIFIER = org.igorniki.InvestCrypto;
				PRODUCT_NAME = "$(TARGET_NAME)";
				SUPPORTED_PLATFORMS = "iphoneos iphonesimulator";
				SUPPORTS_MACCATALYST = NO;
				SUPPORTS_MAC_DESIGNED_FOR_IPHONE_IPAD = NO;
				SWIFT_EMIT_LOC_STRINGS = YES;
				SWIFT_VERSION = 5.0;
				TARGETED_DEVICE_FAMILY = "1,2";
			};
			name = Debug;
		};
		ACA83FC62D421FE500758BF1 /* Release */ = {
			isa = XCBuildConfiguration;
			buildSettings = {
				ASSETCATALOG_COMPILER_APPICON_NAME = AppIcon;
				ASSETCATALOG_COMPILER_GLOBAL_ACCENT_COLOR_NAME = AccentColor;
				CODE_SIGN_STYLE = Automatic;
				CURRENT_PROJECT_VERSION = 1;
				DEVELOPMENT_ASSET_PATHS = "\"InvestCrypto/Preview Content\"";
				DEVELOPMENT_TEAM = MSVFBRY49T;
				ENABLE_PREVIEWS = YES;
				GENERATE_INFOPLIST_FILE = YES;
				INFOPLIST_KEY_CFBundleDisplayName = "Crypto Tracker";
				INFOPLIST_KEY_UIApplicationSceneManifest_Generation = YES;
				INFOPLIST_KEY_UIApplicationSupportsIndirectInputEvents = YES;
				INFOPLIST_KEY_UILaunchScreen_Generation = YES;
				INFOPLIST_KEY_UISupportedInterfaceOrientations = UIInterfaceOrientationPortrait;
				LD_RUNPATH_SEARCH_PATHS = (
					"$(inherited)",
					"@executable_path/Frameworks",
				);
				MARKETING_VERSION = 1.0;
				PRODUCT_BUNDLE_IDENTIFIER = org.igorniki.InvestCrypto;
				PRODUCT_NAME = "$(TARGET_NAME)";
				SUPPORTED_PLATFORMS = "iphoneos iphonesimulator";
				SUPPORTS_MACCATALYST = NO;
				SUPPORTS_MAC_DESIGNED_FOR_IPHONE_IPAD = NO;
				SWIFT_EMIT_LOC_STRINGS = YES;
				SWIFT_VERSION = 5.0;
				TARGETED_DEVICE_FAMILY = "1,2";
			};
			name = Release;
		};
/* End XCBuildConfiguration section */

/* Begin XCConfigurationList section */
		ACA83FB12D421FE300758BF1 /* Build configuration list for PBXProject "InvestCrypto" */ = {
			isa = XCConfigurationList;
			buildConfigurations = (
				ACA83FC22D421FE500758BF1 /* Debug */,
				ACA83FC32D421FE500758BF1 /* Release */,
			);
			defaultConfigurationIsVisible = 0;
			defaultConfigurationName = Release;
		};
		ACA83FC42D421FE500758BF1 /* Build configuration list for PBXNativeTarget "InvestCrypto" */ = {
			isa = XCConfigurationList;
			buildConfigurations = (
				ACA83FC52D421FE500758BF1 /* Debug */,
				ACA83FC62D421FE500758BF1 /* Release */,
			);
			defaultConfigurationIsVisible = 0;
			defaultConfigurationName = Release;
		};
/* End XCConfigurationList section */
	};
	rootObject = ACA83FAE2D421FE300758BF1 /* Project object */;
}
